
Microsoft Visual Studio Solution File, Format Version 12.00
# Visual Studio 15
VisualStudioVersion = 15.0.28010.2046
MinimumVisualStudioVersion = 10.0.40219.1
Project("{8BC9CEB8-8B4A-11D0-8D11-00A0C91BC942}") = "NetDraw", "NetDraw\NetDraw.vcxproj", "{B22EBB2A-FBA0-4BD6-B160-1F7367B76582}"
EndProject
Global
	GlobalSection(SolutionConfigurationPlatforms) = preSolution
		Debug|x64 = Debug|x64
		Debug|x86 = Debug|x86
		Release|x64 = Release|x64
		Release|x86 = Release|x86
	EndGlobalSection
	GlobalSection(ProjectConfigurationPlatforms) = postSolution
		{B22EBB2A-FBA0-4BD6-B160-1F7367B76582}.Debug|x64.ActiveCfg = Debug|x64
		{B22EBB2A-FBA0-4BD6-B160-1F7367B76582}.Debug|x64.Build.0 = Debug|x64
		{B22EBB2A-FBA0-4BD6-B160-1F7367B76582}.Debug|x86.ActiveCfg = Debug|Win32
		{B22EBB2A-FBA0-4BD6-B160-1F7367B76582}.Debug|x86.Build.0 = Debug|Win32
		{B22EBB2A-FBA0-4BD6-B160-1F7367B76582}.Release|x64.ActiveCfg = Release|x64
		{B22EBB2A-FBA0-4BD6-B160-1F7367B76582}.Release|x64.Build.0 = Release|x64
		{B22EBB2A-FBA0-4BD6-B160-1F7367B76582}.Release|x86.ActiveCfg = Release|Win32
		{B22EBB2A-FBA0-4BD6-B160-1F7367B76582}.Release|x86.Build.0 = Release|Win32
	EndGlobalSection
	GlobalSection(SolutionProperties) = preSolution
		HideSolutionNode = FALSE
	EndGlobalSection
	GlobalSection(ExtensibilityGlobals) = postSolution
		SolutionGuid = {90557623-17B4-4A3F-A108-8A8C20283E42}
	EndGlobalSection
EndGlobal
